
Microsoft Visual Studio Solution File, Format Version 12.00
# Visual Studio 2013
VisualStudioVersion = 12.0.30501.0
MinimumVisualStudioVersion = 10.0.40219.1
Project("{FAE04EC0-301F-11D3-BF4B-00C04F79EFBC}") = "SharpXmppDemo", "SharpXmppDemo\SharpXmppDemo.csproj", "{8D5BE3AC-346F-465E-B4E2-C5BC4184A82B}"
EndProject
Global
	GlobalSection(SolutionConfigurationPlatforms) = preSolution
		Debug|Any CPU = Debug|Any CPU
		Release|Any CPU = Release|Any CPU
	EndGlobalSection
	GlobalSection(ProjectConfigurationPlatforms) = postSolution
		{8D5BE3AC-346F-465E-B4E2-C5BC4184A82B}.Debug|Any CPU.ActiveCfg = Debug|Any CPU
		{8D5BE3AC-346F-465E-B4E2-C5BC4184A82B}.Debug|Any CPU.Build.0 = Debug|Any CPU
		{8D5BE3AC-346F-465E-B4E2-C5BC4184A82B}.Debug|Any CPU.Deploy.0 = Debug|Any CPU
		{8D5BE3AC-346F-465E-B4E2-C5BC4184A82B}.Release|Any CPU.ActiveCfg = Release|Any CPU
		{8D5BE3AC-346F-465E-B4E2-C5BC4184A82B}.Release|Any CPU.Build.0 = Release|Any CPU
		{8D5BE3AC-346F-465E-B4E2-C5BC4184A82B}.Release|Any CPU.Deploy.0 = Release|Any CPU
	EndGlobalSection
	GlobalSection(SolutionProperties) = preSolution
		HideSolutionNode = FALSE
	EndGlobalSection
EndGlobal
